{
  "name": "vr-workspace",
  "version": "0.0.0",
  "lockfileVersion": 1,
  "requires": true,
  "dependencies": {
    "@types/aframe": {
      "version": "1.0.1",
      "resolved": "https://registry.npmjs.org/@types/aframe/-/aframe-1.0.1.tgz",
      "integrity": "sha512-uvcAomrf2OL6mALwC0JGE3DKc+xZ9mhX2e6q6iUaG/048JT/2SKacIj8GPpSuzdOwIkZC/W9aowFUMqXU1M+Og==",
      "dev": true,
      "requires": {
        "@types/tween.js": "*",
        "three": "*"
      }
    },
    "@types/tween.js": {
      "version": "18.5.1",
      "resolved": "https://registry.npmjs.org/@types/tween.js/-/tween.js-18.5.1.tgz",
      "integrity": "sha512-DWLolZlt5EsP7JnFLkyCrZppCgiA4HbiAEpZLpBTHlvE1odC40QdUNf0c0ZXKXlNYnqEzbBg9DlbX/RfzWz3yQ==",
      "dev": true
    },
    "three": {
      "version": "0.121.1",
      "resolved": "https://registry.npmjs.org/three/-/three-0.121.1.tgz",
      "integrity": "sha512-+rYhNpW5W1aBdLkPQDld/GA4Sj/uOKJJKVpCAZUbpk/HZEiYRUlPt8+s+9nmxRglWmRHdBa3ERvUwqg4nmoA5w==",
      "dev": true
    }
  }
}
